
Microsoft Visual Studio Solution File, Format Version 12.00
# Visual Studio Version 16
VisualStudioVersion = 16.0.30717.126
MinimumVisualStudioVersion = 10.0.40219.1
Project("{9A19103F-16F7-4668-BE54-9A1E7A4F7556}") = "WebApplication1", "WebApplication1\WebApplication1.csproj", "{71841A2A-9175-4428-A4CB-A8BEC27E98D1}"
EndProject
Project("{9A19103F-16F7-4668-BE54-9A1E7A4F7556}") = "Gateway", "Gateway\Gateway.csproj", "{106DB665-148F-4BCA-B894-3D40DE72841B}"
EndProject
Project("{9A19103F-16F7-4668-BE54-9A1E7A4F7556}") = "Recipe_journal", "Recipe_journal\Recipe_journal.csproj", "{F4C92776-5FEE-4529-AC0E-909FFD32C105}"
EndProject
Project("{9A19103F-16F7-4668-BE54-9A1E7A4F7556}") = "IngridientList", "IngridientList\IngridientList.csproj", "{A1B752F8-FE77-4E15-B4A4-591F07D1B9EF}"
EndProject
Project("{9A19103F-16F7-4668-BE54-9A1E7A4F7556}") = "FindRecipe", "FindeRecipe\FindRecipe.csproj", "{47AA67B0-7E68-471A-8300-2F39F4888C38}"
EndProject
Project("{FAE04EC0-301F-11D3-BF4B-00C04F79EFBC}") = "AddRecipe", "AddRecipe\AddRecipe.csproj", "{F74A0C49-8F1D-46C3-B76B-1B61DA05D859}"
EndProject
Global
	GlobalSection(SolutionConfigurationPlatforms) = preSolution
		Debug|Any CPU = Debug|Any CPU
		Release|Any CPU = Release|Any CPU
	EndGlobalSection
	GlobalSection(ProjectConfigurationPlatforms) = postSolution
		{71841A2A-9175-4428-A4CB-A8BEC27E98D1}.Debug|Any CPU.ActiveCfg = Debug|Any CPU
		{71841A2A-9175-4428-A4CB-A8BEC27E98D1}.Debug|Any CPU.Build.0 = Debug|Any CPU
		{71841A2A-9175-4428-A4CB-A8BEC27E98D1}.Release|Any CPU.ActiveCfg = Release|Any CPU
		{71841A2A-9175-4428-A4CB-A8BEC27E98D1}.Release|Any CPU.Build.0 = Release|Any CPU
		{106DB665-148F-4BCA-B894-3D40DE72841B}.Debug|Any CPU.ActiveCfg = Debug|Any CPU
		{106DB665-148F-4BCA-B894-3D40DE72841B}.Debug|Any CPU.Build.0 = Debug|Any CPU
		{106DB665-148F-4BCA-B894-3D40DE72841B}.Release|Any CPU.ActiveCfg = Release|Any CPU
		{106DB665-148F-4BCA-B894-3D40DE72841B}.Release|Any CPU.Build.0 = Release|Any CPU
		{F4C92776-5FEE-4529-AC0E-909FFD32C105}.Debug|Any CPU.ActiveCfg = Debug|Any CPU
		{F4C92776-5FEE-4529-AC0E-909FFD32C105}.Debug|Any CPU.Build.0 = Debug|Any CPU
		{F4C92776-5FEE-4529-AC0E-909FFD32C105}.Release|Any CPU.ActiveCfg = Release|Any CPU
		{F4C92776-5FEE-4529-AC0E-909FFD32C105}.Release|Any CPU.Build.0 = Release|Any CPU
		{A1B752F8-FE77-4E15-B4A4-591F07D1B9EF}.Debug|Any CPU.ActiveCfg = Debug|Any CPU
		{A1B752F8-FE77-4E15-B4A4-591F07D1B9EF}.Debug|Any CPU.Build.0 = Debug|Any CPU
		{A1B752F8-FE77-4E15-B4A4-591F07D1B9EF}.Release|Any CPU.ActiveCfg = Release|Any CPU
		{A1B752F8-FE77-4E15-B4A4-591F07D1B9EF}.Release|Any CPU.Build.0 = Release|Any CPU
		{47AA67B0-7E68-471A-8300-2F39F4888C38}.Debug|Any CPU.ActiveCfg = Debug|Any CPU
		{47AA67B0-7E68-471A-8300-2F39F4888C38}.Debug|Any CPU.Build.0 = Debug|Any CPU
		{47AA67B0-7E68-471A-8300-2F39F4888C38}.Release|Any CPU.ActiveCfg = Release|Any CPU
		{47AA67B0-7E68-471A-8300-2F39F4888C38}.Release|Any CPU.Build.0 = Release|Any CPU
		{F74A0C49-8F1D-46C3-B76B-1B61DA05D859}.Debug|Any CPU.ActiveCfg = Debug|Any CPU
		{F74A0C49-8F1D-46C3-B76B-1B61DA05D859}.Debug|Any CPU.Build.0 = Debug|Any CPU
		{F74A0C49-8F1D-46C3-B76B-1B61DA05D859}.Release|Any CPU.ActiveCfg = Release|Any CPU
		{F74A0C49-8F1D-46C3-B76B-1B61DA05D859}.Release|Any CPU.Build.0 = Release|Any CPU
	EndGlobalSection
	GlobalSection(SolutionProperties) = preSolution
		HideSolutionNode = FALSE
	EndGlobalSection
	GlobalSection(ExtensibilityGlobals) = postSolution
		SolutionGuid = {A1109D6D-C0FA-4D03-BF4F-2F78817718D2}
	EndGlobalSection
EndGlobal
